{
  "name": "AlgorandSmartContract-contracts",
  "lockfileVersion": 3,
  "requires": true,
  "packages": {
    "": {
      "dependencies": {
        "goal": "^1.0.1"
      }
    },
    "node_modules/goal": {
      "version": "1.0.1",
      "resolved": "https://registry.npmjs.org/goal/-/goal-1.0.1.tgz",
      "integrity": "sha512-JDMBDekgumD5Ru9+WvekXaWftwyC5d2F1bPt9WJQYP3dbsqOUJhfA5a2cBvnmEOFce6vlPC4p381gXvpW5ccSw==",
      "license": "MIT",
      "dependencies": {
        "hashcode": "^1.0.3"
      }
    },
    "node_modules/hashcode": {
      "version": "1.0.3",
      "resolved": "https://registry.npmjs.org/hashcode/-/hashcode-1.0.3.tgz",
      "integrity": "sha512-tfCzdiaz69Ii8eIdtYSCEnU0jw5RrYRd0u3sHRvs5Oqu/bQPk+aonT5jgRUT2MIuphjSvjB5lmixhHl7+X4ruw==",
      "license": "MIT"
    }
  }
}
